
Microsoft Visual Studio Solution File, Format Version 12.00
# Visual Studio 15
VisualStudioVersion = 15.0.28307.572
MinimumVisualStudioVersion = 10.0.40219.1
Project("{9A19103F-16F7-4668-BE54-9A1E7A4F7556}") = "TutorialMoya001", "TutorialMoya001\TutorialMoya001.csproj", "{8C353167-BA77-4946-9913-BD0EEADBACC5}"
EndProject
Project("{FAE04EC0-301F-11D3-BF4B-00C04F79EFBC}") = "SmartHouseTesting", "SmartHouseTesting\SmartHouseTesting.csproj", "{A508F460-8962-4193-91F0-B5CC9ABF63B6}"
EndProject
Global
	GlobalSection(SolutionConfigurationPlatforms) = preSolution
		Debug|Any CPU = Debug|Any CPU
		Release|Any CPU = Release|Any CPU
	EndGlobalSection
	GlobalSection(ProjectConfigurationPlatforms) = postSolution
		{8C353167-BA77-4946-9913-BD0EEADBACC5}.Debug|Any CPU.ActiveCfg = Debug|Any CPU
		{8C353167-BA77-4946-9913-BD0EEADBACC5}.Debug|Any CPU.Build.0 = Debug|Any CPU
		{8C353167-BA77-4946-9913-BD0EEADBACC5}.Release|Any CPU.ActiveCfg = Release|Any CPU
		{8C353167-BA77-4946-9913-BD0EEADBACC5}.Release|Any CPU.Build.0 = Release|Any CPU
		{A508F460-8962-4193-91F0-B5CC9ABF63B6}.Debug|Any CPU.ActiveCfg = Debug|Any CPU
		{A508F460-8962-4193-91F0-B5CC9ABF63B6}.Debug|Any CPU.Build.0 = Debug|Any CPU
		{A508F460-8962-4193-91F0-B5CC9ABF63B6}.Release|Any CPU.ActiveCfg = Release|Any CPU
		{A508F460-8962-4193-91F0-B5CC9ABF63B6}.Release|Any CPU.Build.0 = Release|Any CPU
	EndGlobalSection
	GlobalSection(SolutionProperties) = preSolution
		HideSolutionNode = FALSE
	EndGlobalSection
	GlobalSection(ExtensibilityGlobals) = postSolution
		SolutionGuid = {6FBE0C03-C3AE-42EC-B545-38830186DF04}
	EndGlobalSection
EndGlobal
